
Microsoft Visual Studio Solution File, Format Version 12.00
# Visual Studio 2013
VisualStudioVersion = 12.0.30501.0
MinimumVisualStudioVersion = 10.0.40219.1
Project("{FAE04EC0-301F-11D3-BF4B-00C04F79EFBC}") = "BowlingGame", "BowlingGame\BowlingGame.csproj", "{8C85BA75-B6EA-427E-A563-01D66B5866F8}"
EndProject
Project("{FAE04EC0-301F-11D3-BF4B-00C04F79EFBC}") = "BowlingGame.Test", "BowlingGame.Test\BowlingGame.Test.csproj", "{03ADD40A-0D3C-4187-95F4-AC63EFEB967E}"
EndProject
Global
	GlobalSection(SolutionConfigurationPlatforms) = preSolution
		Debug|Any CPU = Debug|Any CPU
		Release|Any CPU = Release|Any CPU
	EndGlobalSection
	GlobalSection(ProjectConfigurationPlatforms) = postSolution
		{8C85BA75-B6EA-427E-A563-01D66B5866F8}.Debug|Any CPU.ActiveCfg = Debug|Any CPU
		{8C85BA75-B6EA-427E-A563-01D66B5866F8}.Debug|Any CPU.Build.0 = Debug|Any CPU
		{8C85BA75-B6EA-427E-A563-01D66B5866F8}.Release|Any CPU.ActiveCfg = Release|Any CPU
		{8C85BA75-B6EA-427E-A563-01D66B5866F8}.Release|Any CPU.Build.0 = Release|Any CPU
		{03ADD40A-0D3C-4187-95F4-AC63EFEB967E}.Debug|Any CPU.ActiveCfg = Debug|Any CPU
		{03ADD40A-0D3C-4187-95F4-AC63EFEB967E}.Debug|Any CPU.Build.0 = Debug|Any CPU
		{03ADD40A-0D3C-4187-95F4-AC63EFEB967E}.Release|Any CPU.ActiveCfg = Release|Any CPU
		{03ADD40A-0D3C-4187-95F4-AC63EFEB967E}.Release|Any CPU.Build.0 = Release|Any CPU
	EndGlobalSection
	GlobalSection(SolutionProperties) = preSolution
		HideSolutionNode = FALSE
	EndGlobalSection
EndGlobal
